
Microsoft Visual Studio Solution File, Format Version 12.00
# Visual Studio Version 17
VisualStudioVersion = 17.8.34316.72
MinimumVisualStudioVersion = 10.0.40219.1
Project("{9A19103F-16F7-4668-BE54-9A1E7A4F7556}") = "Domain", "Domain\Domain.csproj", "{92C76322-6D66-48AE-8C40-45A75BA083C0}"
EndProject
Project("{9A19103F-16F7-4668-BE54-9A1E7A4F7556}") = "Application", "Application\Application.csproj", "{EB20176C-7A4D-4542-B896-DFB1416325C6}"
EndProject
Project("{9A19103F-16F7-4668-BE54-9A1E7A4F7556}") = "Persistence", "Persistence\Persistence.csproj", "{FA2FE058-ABC4-4DB9-BD7F-31651723781F}"
EndProject
Project("{FAE04EC0-301F-11D3-BF4B-00C04F79EFBC}") = "UI", "UI\UI.csproj", "{3FAB8590-2D22-4033-9441-C8A02232E6A3}"
EndProject
Global
	GlobalSection(SolutionConfigurationPlatforms) = preSolution
		Debug|Any CPU = Debug|Any CPU
		Release|Any CPU = Release|Any CPU
	EndGlobalSection
	GlobalSection(ProjectConfigurationPlatforms) = postSolution
		{92C76322-6D66-48AE-8C40-45A75BA083C0}.Debug|Any CPU.ActiveCfg = Debug|Any CPU
		{92C76322-6D66-48AE-8C40-45A75BA083C0}.Debug|Any CPU.Build.0 = Debug|Any CPU
		{92C76322-6D66-48AE-8C40-45A75BA083C0}.Release|Any CPU.ActiveCfg = Release|Any CPU
		{92C76322-6D66-48AE-8C40-45A75BA083C0}.Release|Any CPU.Build.0 = Release|Any CPU
		{EB20176C-7A4D-4542-B896-DFB1416325C6}.Debug|Any CPU.ActiveCfg = Debug|Any CPU
		{EB20176C-7A4D-4542-B896-DFB1416325C6}.Debug|Any CPU.Build.0 = Debug|Any CPU
		{EB20176C-7A4D-4542-B896-DFB1416325C6}.Release|Any CPU.ActiveCfg = Release|Any CPU
		{EB20176C-7A4D-4542-B896-DFB1416325C6}.Release|Any CPU.Build.0 = Release|Any CPU
		{FA2FE058-ABC4-4DB9-BD7F-31651723781F}.Debug|Any CPU.ActiveCfg = Debug|Any CPU
		{FA2FE058-ABC4-4DB9-BD7F-31651723781F}.Debug|Any CPU.Build.0 = Debug|Any CPU
		{FA2FE058-ABC4-4DB9-BD7F-31651723781F}.Release|Any CPU.ActiveCfg = Release|Any CPU
		{FA2FE058-ABC4-4DB9-BD7F-31651723781F}.Release|Any CPU.Build.0 = Release|Any CPU
		{3FAB8590-2D22-4033-9441-C8A02232E6A3}.Debug|Any CPU.ActiveCfg = Debug|Any CPU
		{3FAB8590-2D22-4033-9441-C8A02232E6A3}.Debug|Any CPU.Build.0 = Debug|Any CPU
		{3FAB8590-2D22-4033-9441-C8A02232E6A3}.Release|Any CPU.ActiveCfg = Release|Any CPU
		{3FAB8590-2D22-4033-9441-C8A02232E6A3}.Release|Any CPU.Build.0 = Release|Any CPU
	EndGlobalSection
	GlobalSection(SolutionProperties) = preSolution
		HideSolutionNode = FALSE
	EndGlobalSection
	GlobalSection(ExtensibilityGlobals) = postSolution
		SolutionGuid = {BC5A4609-B94C-47F5-8747-9969E908070B}
	EndGlobalSection
EndGlobal
